# Digest-pinned test images used by the nightly, one "kind=ref@sha256:..."
# per line. .github/workflows/image.yml publishes new images to GHCR and opens
# a PR that updates this file. An empty value makes build_tools/ensure_image.sh
# build the image on the runner from docker/ instead (tagged by content hash).
# The extended image is always built on the runner.
test=ghcr.io/levxn/vision-pack-test/test@sha256:90e3d0d3743f4658d301d9e9754566a741984344b696b477a0bbd084a10d05e9
media=ghcr.io/levxn/vision-pack-test/media@sha256:eb9f13ec0700d18870f8e2779e2d3ebbe5d199b42087b861ff28611f44027444
