# Digest-pinned test images used by the nightly, one "kind=ref@sha256:..."
# per line. .github/workflows/image.yml publishes new images to GHCR and opens
# a PR that updates this file. An empty value makes build_tools/ensure_image.sh
# build the image on the runner from docker/ instead (tagged by content hash).
# The extended image is always built on the runner.
test=ghcr.io/levxn/vision-pack-test/test@sha256:a4cd20d9e0f1775277578c98f37f08ad4fcdd5d1d9a447da25d887d81c839b32
media=ghcr.io/levxn/vision-pack-test/media@sha256:de1659cd70252f41c4b45bfaeac4e4ff858d57f40a51d2b54e77b3a5ab0637a6
